
Microsoft Visual Studio Solution File, Format Version 12.00
# Visual Studio Version 16
VisualStudioVersion = 16.0.29728.190
MinimumVisualStudioVersion = 10.0.40219.1
Project("{FAE04EC0-301F-11D3-BF4B-00C04F79EFBC}") = "ConsoleApp1", "ConsoleApp1\ConsoleApp1.csproj", "{E4E99AFE-D293-4817-A4C4-9450253E2D9F}"
EndProject
Global
	GlobalSection(SolutionConfigurationPlatforms) = preSolution
		Debug|Any CPU = Debug|Any CPU
		Release|Any CPU = Release|Any CPU
	EndGlobalSection
	GlobalSection(ProjectConfigurationPlatforms) = postSolution
		{E4E99AFE-D293-4817-A4C4-9450253E2D9F}.Debug|Any CPU.ActiveCfg = Debug|Any CPU
		{E4E99AFE-D293-4817-A4C4-9450253E2D9F}.Debug|Any CPU.Build.0 = Debug|Any CPU
		{E4E99AFE-D293-4817-A4C4-9450253E2D9F}.Release|Any CPU.ActiveCfg = Release|Any CPU
		{E4E99AFE-D293-4817-A4C4-9450253E2D9F}.Release|Any CPU.Build.0 = Release|Any CPU
	EndGlobalSection
	GlobalSection(SolutionProperties) = preSolution
		HideSolutionNode = FALSE
	EndGlobalSection
	GlobalSection(ExtensibilityGlobals) = postSolution
		SolutionGuid = {54E30B00-D358-443C-9725-33AF73E74695}
	EndGlobalSection
EndGlobal
